// !$*UTF8*$!
{
	archiveVersion = 1;
	classes = {
	};
	objectVersion = 55;
	objects = {

/* Begin PBXBuildFile section */
		057D519742D46325D28E1899 /* Pods_Hackaton2023IOS.framework in Frameworks */ = {isa = PBXBuildFile; fileRef = 119A1E8CAC018DF5A6B0D72F /* Pods_Hackaton2023IOS.framework */; };
		B26CDD972A0F6E9800F4177D /* Constants.swift in Sources */ = {isa = PBXBuildFile; fileRef = B26CDD962A0F6E9800F4177D /* Constants.swift */; };
		B26CDDA22A0F88AD00F4177D /* APIRequest.swift in Sources */ = {isa = PBXBuildFile; fileRef = B26CDDA12A0F88AC00F4177D /* APIRequest.swift */; };
		B26CDDA42A0F898700F4177D /* APIClient.swift in Sources */ = {isa = PBXBuildFile; fileRef = B26CDDA32A0F898700F4177D /* APIClient.swift */; };
		B26CDDA62A0F899600F4177D /* MockAPIClient.swift in Sources */ = {isa = PBXBuildFile; fileRef = B26CDDA52A0F899600F4177D /* MockAPIClient.swift */; };
		CA8464172A0F98B800103835 /* SearchAnivationView.swift in Sources */ = {isa = PBXBuildFile; fileRef = CA8464162A0F98B800103835 /* SearchAnivationView.swift */; };
		CA944D122A0E91220095AEEB /* AppDelegate.swift in Sources */ = {isa = PBXBuildFile; fileRef = CA944D112A0E91220095AEEB /* AppDelegate.swift */; };
		CA944D142A0E91220095AEEB /* SceneDelegate.swift in Sources */ = {isa = PBXBuildFile; fileRef = CA944D132A0E91220095AEEB /* SceneDelegate.swift */; };
		CA944D162A0E91220095AEEB /* ViewController.swift in Sources */ = {isa = PBXBuildFile; fileRef = CA944D152A0E91220095AEEB /* ViewController.swift */; };
		CA944D192A0E91220095AEEB /* Main.storyboard in Resources */ = {isa = PBXBuildFile; fileRef = CA944D172A0E91220095AEEB /* Main.storyboard */; };
		CA944D1B2A0E91240095AEEB /* Assets.xcassets in Resources */ = {isa = PBXBuildFile; fileRef = CA944D1A2A0E91240095AEEB /* Assets.xcassets */; };
		CA944D1E2A0E91240095AEEB /* LaunchScreen.storyboard in Resources */ = {isa = PBXBuildFile; fileRef = CA944D1C2A0E91240095AEEB /* LaunchScreen.storyboard */; };
		EBA313252A0F9E4000A80328 /* Coordinator.swift in Sources */ = {isa = PBXBuildFile; fileRef = EBA313242A0F9E4000A80328 /* Coordinator.swift */; };
		EBA313272A0F9E8000A80328 /* DefaultFileName.swift in Sources */ = {isa = PBXBuildFile; fileRef = EBA313262A0F9E8000A80328 /* DefaultFileName.swift */; };
/* End PBXBuildFile section */

/* Begin PBXFileReference section */
		119A1E8CAC018DF5A6B0D72F /* Pods_Hackaton2023IOS.framework */ = {isa = PBXFileReference; explicitFileType = wrapper.framework; includeInIndex = 0; path = Pods_Hackaton2023IOS.framework; sourceTree = BUILT_PRODUCTS_DIR; };
		256E3DE89362462280584870 /* Pods-Hackaton2023IOS.debug.xcconfig */ = {isa = PBXFileReference; includeInIndex = 1; lastKnownFileType = text.xcconfig; name = "Pods-Hackaton2023IOS.debug.xcconfig"; path = "Target Support Files/Pods-Hackaton2023IOS/Pods-Hackaton2023IOS.debug.xcconfig"; sourceTree = "<group>"; };
		76C2417D9F49961590E550BD /* Pods-Hackaton2023IOS.release.xcconfig */ = {isa = PBXFileReference; includeInIndex = 1; lastKnownFileType = text.xcconfig; name = "Pods-Hackaton2023IOS.release.xcconfig"; path = "Target Support Files/Pods-Hackaton2023IOS/Pods-Hackaton2023IOS.release.xcconfig"; sourceTree = "<group>"; };
		B26CDD962A0F6E9800F4177D /* Constants.swift */ = {isa = PBXFileReference; lastKnownFileType = sourcecode.swift; path = Constants.swift; sourceTree = "<group>"; };
		B26CDDA12A0F88AC00F4177D /* APIRequest.swift */ = {isa = PBXFileReference; lastKnownFileType = sourcecode.swift; path = APIRequest.swift; sourceTree = "<group>"; };
		B26CDDA32A0F898700F4177D /* APIClient.swift */ = {isa = PBXFileReference; lastKnownFileType = sourcecode.swift; path = APIClient.swift; sourceTree = "<group>"; };
		B26CDDA52A0F899600F4177D /* MockAPIClient.swift */ = {isa = PBXFileReference; lastKnownFileType = sourcecode.swift; path = MockAPIClient.swift; sourceTree = "<group>"; };
		CA8464162A0F98B800103835 /* SearchAnivationView.swift */ = {isa = PBXFileReference; fileEncoding = 4; lastKnownFileType = sourcecode.swift; path = SearchAnivationView.swift; sourceTree = "<group>"; };
		CA944D0E2A0E91220095AEEB /* Hackaton2023IOS.app */ = {isa = PBXFileReference; explicitFileType = wrapper.application; includeInIndex = 0; path = Hackaton2023IOS.app; sourceTree = BUILT_PRODUCTS_DIR; };
		CA944D112A0E91220095AEEB /* AppDelegate.swift */ = {isa = PBXFileReference; lastKnownFileType = sourcecode.swift; path = AppDelegate.swift; sourceTree = "<group>"; };
		CA944D132A0E91220095AEEB /* SceneDelegate.swift */ = {isa = PBXFileReference; lastKnownFileType = sourcecode.swift; path = SceneDelegate.swift; sourceTree = "<group>"; };
		CA944D152A0E91220095AEEB /* ViewController.swift */ = {isa = PBXFileReference; lastKnownFileType = sourcecode.swift; path = ViewController.swift; sourceTree = "<group>"; };
		CA944D182A0E91220095AEEB /* Base */ = {isa = PBXFileReference; lastKnownFileType = file.storyboard; name = Base; path = Base.lproj/Main.storyboard; sourceTree = "<group>"; };
		CA944D1A2A0E91240095AEEB /* Assets.xcassets */ = {isa = PBXFileReference; lastKnownFileType = folder.assetcatalog; path = Assets.xcassets; sourceTree = "<group>"; };
		CA944D1D2A0E91240095AEEB /* Base */ = {isa = PBXFileReference; lastKnownFileType = file.storyboard; name = Base; path = Base.lproj/LaunchScreen.storyboard; sourceTree = "<group>"; };
		CA944D1F2A0E91240095AEEB /* Info.plist */ = {isa = PBXFileReference; lastKnownFileType = text.plist.xml; path = Info.plist; sourceTree = "<group>"; };
		EBA313242A0F9E4000A80328 /* Coordinator.swift */ = {isa = PBXFileReference; lastKnownFileType = sourcecode.swift; path = Coordinator.swift; sourceTree = "<group>"; };
		EBA313262A0F9E8000A80328 /* DefaultFileName.swift */ = {isa = PBXFileReference; lastKnownFileType = sourcecode.swift; path = DefaultFileName.swift; sourceTree = "<group>"; };
/* End PBXFileReference section */

/* Begin PBXFrameworksBuildPhase section */
		CA944D0B2A0E91220095AEEB /* Frameworks */ = {
			isa = PBXFrameworksBuildPhase;
			buildActionMask = 2147483647;
			files = (
				057D519742D46325D28E1899 /* Pods_Hackaton2023IOS.framework in Frameworks */,
			);
			runOnlyForDeploymentPostprocessing = 0;
		};
/* End PBXFrameworksBuildPhase section */

/* Begin PBXGroup section */
		0C455F6DDD62EB753E0EF20C /* Pods */ = {
			isa = PBXGroup;
			children = (
				256E3DE89362462280584870 /* Pods-Hackaton2023IOS.debug.xcconfig */,
				76C2417D9F49961590E550BD /* Pods-Hackaton2023IOS.release.xcconfig */,
			);
			path = Pods;
			sourceTree = "<group>";
		};
		2604DA8A1D2F9E04724E5679 /* Frameworks */ = {
			isa = PBXGroup;
			children = (
				119A1E8CAC018DF5A6B0D72F /* Pods_Hackaton2023IOS.framework */,
			);
			name = Frameworks;
			sourceTree = "<group>";
		};
		B26CDD922A0F6E1D00F4177D /* Presentation */ = {
			isa = PBXGroup;
			children = (
				EBA313232A0F9E3100A80328 /* Coordinator */,
				CA944D132A0E91220095AEEB /* SceneDelegate.swift */,
				CA944D112A0E91220095AEEB /* AppDelegate.swift */,
				CA944D1C2A0E91240095AEEB /* LaunchScreen.storyboard */,
				B26CDD932A0F6E4D00F4177D /* Screens */,
				B26CDD942A0F6E6500F4177D /* Common */,
			);
			path = Presentation;
			sourceTree = "<group>";
		};
		B26CDD932A0F6E4D00F4177D /* Screens */ = {
			isa = PBXGroup;
			children = (
				CA944D172A0E91220095AEEB /* Main.storyboard */,
				CA944D152A0E91220095AEEB /* ViewController.swift */,
			);
			path = Screens;
			sourceTree = "<group>";
		};
		B26CDD942A0F6E6500F4177D /* Common */ = {
			isa = PBXGroup;
			children = (
				CA8464152A0F98B800103835 /* Views */,
				B26CDD962A0F6E9800F4177D /* Constants.swift */,
				B26CDD952A0F6E7B00F4177D /* Extensions */,
				EBA313262A0F9E8000A80328 /* DefaultFileName.swift */,
			);
			path = Common;
			sourceTree = "<group>";
		};
		B26CDD952A0F6E7B00F4177D /* Extensions */ = {
			isa = PBXGroup;
			children = (
			);
			path = Extensions;
			sourceTree = "<group>";
		};
		B26CDD982A0F6EC800F4177D /* Data */ = {
			isa = PBXGroup;
			children = (
				B26CDD992A0F6EE500F4177D /* Models */,
				B26CDD9A2A0F6EF100F4177D /* Services */,
				B26CDD9B2A0F6EFC00F4177D /* Repositories */,
			);
			path = Data;
			sourceTree = "<group>";
		};
		B26CDD992A0F6EE500F4177D /* Models */ = {
			isa = PBXGroup;
			children = (
			);
			path = Models;
			sourceTree = "<group>";
		};
		B26CDD9A2A0F6EF100F4177D /* Services */ = {
			isa = PBXGroup;
			children = (
				B26CDDA02A0F888700F4177D /* APIClient */,
			);
			path = Services;
			sourceTree = "<group>";
		};
		B26CDD9B2A0F6EFC00F4177D /* Repositories */ = {
			isa = PBXGroup;
			children = (
			);
			path = Repositories;
			sourceTree = "<group>";
		};
		B26CDD9C2A0F722800F4177D /* Domain */ = {
			isa = PBXGroup;
			children = (
				B26CDD9D2A0F73D500F4177D /* Entities */,
				B26CDD9E2A0F73DD00F4177D /* UseCases */,
				B26CDD9F2A0F73E500F4177D /* Repositories */,
			);
			path = Domain;
			sourceTree = "<group>";
		};
		B26CDD9D2A0F73D500F4177D /* Entities */ = {
			isa = PBXGroup;
			children = (
			);
			path = Entities;
			sourceTree = "<group>";
		};
		B26CDD9E2A0F73DD00F4177D /* UseCases */ = {
			isa = PBXGroup;
			children = (
			);
			path = UseCases;
			sourceTree = "<group>";
		};
		B26CDD9F2A0F73E500F4177D /* Repositories */ = {
			isa = PBXGroup;
			children = (
			);
			path = Repositories;
			sourceTree = "<group>";
		};
		B26CDDA02A0F888700F4177D /* APIClient */ = {
			isa = PBXGroup;
			children = (
				B26CDDA12A0F88AC00F4177D /* APIRequest.swift */,
				B26CDDA32A0F898700F4177D /* APIClient.swift */,
				B26CDDA52A0F899600F4177D /* MockAPIClient.swift */,
			);
			path = APIClient;
			sourceTree = "<group>";
		};
		CA8464152A0F98B800103835 /* Views */ = {
			isa = PBXGroup;
			children = (
				CA8464162A0F98B800103835 /* SearchAnivationView.swift */,
			);
			path = Views;
			sourceTree = "<group>";
		};
		CA944D052A0E91220095AEEB = {
			isa = PBXGroup;
			children = (
				CA944D102A0E91220095AEEB /* Hackaton2023IOS */,
				CA944D0F2A0E91220095AEEB /* Products */,
				0C455F6DDD62EB753E0EF20C /* Pods */,
				2604DA8A1D2F9E04724E5679 /* Frameworks */,
			);
			sourceTree = "<group>";
		};
		CA944D0F2A0E91220095AEEB /* Products */ = {
			isa = PBXGroup;
			children = (
				CA944D0E2A0E91220095AEEB /* Hackaton2023IOS.app */,
			);
			name = Products;
			sourceTree = "<group>";
		};
		CA944D102A0E91220095AEEB /* Hackaton2023IOS */ = {
			isa = PBXGroup;
			children = (
				CA944D1A2A0E91240095AEEB /* Assets.xcassets */,
				CA944D1F2A0E91240095AEEB /* Info.plist */,
				B26CDD922A0F6E1D00F4177D /* Presentation */,
				B26CDD9C2A0F722800F4177D /* Domain */,
				B26CDD982A0F6EC800F4177D /* Data */,
			);
			path = Hackaton2023IOS;
			sourceTree = "<group>";
		};
		EBA313232A0F9E3100A80328 /* Coordinator */ = {
			isa = PBXGroup;
			children = (
				EBA313242A0F9E4000A80328 /* Coordinator.swift */,
			);
			path = Coordinator;
			sourceTree = "<group>";
		};
/* End PBXGroup section */

/* Begin PBXNativeTarget section */
		CA944D0D2A0E91220095AEEB /* Hackaton2023IOS */ = {
			isa = PBXNativeTarget;
			buildConfigurationList = CA944D222A0E91240095AEEB /* Build configuration list for PBXNativeTarget "Hackaton2023IOS" */;
			buildPhases = (
				4D324D5FEB566558714A7B41 /* [CP] Check Pods Manifest.lock */,
				CA944D0A2A0E91220095AEEB /* Sources */,
				CA944D0B2A0E91220095AEEB /* Frameworks */,
				CA944D0C2A0E91220095AEEB /* Resources */,
				ACA553DC5DB240E3B3284370 /* [CP] Embed Pods Frameworks */,
				CA2410982A0F75D90068CFCA /* SwiftLint */,
			);
			buildRules = (
			);
			dependencies = (
			);
			name = Hackaton2023IOS;
			productName = Hackaton2023IOS;
			productReference = CA944D0E2A0E91220095AEEB /* Hackaton2023IOS.app */;
			productType = "com.apple.product-type.application";
		};
/* End PBXNativeTarget section */

/* Begin PBXProject section */
		CA944D062A0E91220095AEEB /* Project object */ = {
			isa = PBXProject;
			attributes = {
				BuildIndependentTargetsInParallel = 1;
				LastSwiftUpdateCheck = 1430;
				LastUpgradeCheck = 1430;
				TargetAttributes = {
					CA944D0D2A0E91220095AEEB = {
						CreatedOnToolsVersion = 14.3;
					};
				};
			};
			buildConfigurationList = CA944D092A0E91220095AEEB /* Build configuration list for PBXProject "Hackaton2023IOS" */;
			compatibilityVersion = "Xcode 13.0";
			developmentRegion = en;
			hasScannedForEncodings = 0;
			knownRegions = (
				en,
				Base,
			);
			mainGroup = CA944D052A0E91220095AEEB;
			productRefGroup = CA944D0F2A0E91220095AEEB /* Products */;
			projectDirPath = "";
			projectRoot = "";
			targets = (
				CA944D0D2A0E91220095AEEB /* Hackaton2023IOS */,
			);
		};
/* End PBXProject section */

/* Begin PBXResourcesBuildPhase section */
		CA944D0C2A0E91220095AEEB /* Resources */ = {
			isa = PBXResourcesBuildPhase;
			buildActionMask = 2147483647;
			files = (
				CA944D1E2A0E91240095AEEB /* LaunchScreen.storyboard in Resources */,
				CA944D1B2A0E91240095AEEB /* Assets.xcassets in Resources */,
				CA944D192A0E91220095AEEB /* Main.storyboard in Resources */,
			);
			runOnlyForDeploymentPostprocessing = 0;
		};
/* End PBXResourcesBuildPhase section */

/* Begin PBXShellScriptBuildPhase section */
		4D324D5FEB566558714A7B41 /* [CP] Check Pods Manifest.lock */ = {
			isa = PBXShellScriptBuildPhase;
			buildActionMask = 2147483647;
			files = (
			);
			inputFileListPaths = (
			);
			inputPaths = (
				"${PODS_PODFILE_DIR_PATH}/Podfile.lock",
				"${PODS_ROOT}/Manifest.lock",
			);
			name = "[CP] Check Pods Manifest.lock";
			outputFileListPaths = (
			);
			outputPaths = (
				"$(DERIVED_FILE_DIR)/Pods-Hackaton2023IOS-checkManifestLockResult.txt",
			);
			runOnlyForDeploymentPostprocessing = 0;
			shellPath = /bin/sh;
			shellScript = "diff \"${PODS_PODFILE_DIR_PATH}/Podfile.lock\" \"${PODS_ROOT}/Manifest.lock\" > /dev/null\nif [ $? != 0 ] ; then\n    # print error to STDERR\n    echo \"error: The sandbox is not in sync with the Podfile.lock. Run 'pod install' or update your CocoaPods installation.\" >&2\n    exit 1\nfi\n# This output is used by Xcode 'outputs' to avoid re-running this script phase.\necho \"SUCCESS\" > \"${SCRIPT_OUTPUT_FILE_0}\"\n";
			showEnvVarsInLog = 0;
		};
		ACA553DC5DB240E3B3284370 /* [CP] Embed Pods Frameworks */ = {
			isa = PBXShellScriptBuildPhase;
			buildActionMask = 2147483647;
			files = (
			);
			inputFileListPaths = (
				"${PODS_ROOT}/Target Support Files/Pods-Hackaton2023IOS/Pods-Hackaton2023IOS-frameworks-${CONFIGURATION}-input-files.xcfilelist",
			);
			name = "[CP] Embed Pods Frameworks";
			outputFileListPaths = (
				"${PODS_ROOT}/Target Support Files/Pods-Hackaton2023IOS/Pods-Hackaton2023IOS-frameworks-${CONFIGURATION}-output-files.xcfilelist",
			);
			runOnlyForDeploymentPostprocessing = 0;
			shellPath = /bin/sh;
			shellScript = "\"${PODS_ROOT}/Target Support Files/Pods-Hackaton2023IOS/Pods-Hackaton2023IOS-frameworks.sh\"\n";
			showEnvVarsInLog = 0;
		};
		CA2410982A0F75D90068CFCA /* SwiftLint */ = {
			isa = PBXShellScriptBuildPhase;
			alwaysOutOfDate = 1;
			buildActionMask = 2147483647;
			files = (
			);
			inputFileListPaths = (
			);
			inputPaths = (
			);
			name = SwiftLint;
			outputFileListPaths = (
			);
			outputPaths = (
			);
			runOnlyForDeploymentPostprocessing = 0;
			shellPath = /bin/sh;
			shellScript = "if [[ \"$(uname -m)\" == arm64 ]]; then\n    export PATH=\"/opt/homebrew/bin:$PATH\"\nfi\n\nif which swiftlint > /dev/null; then\n  swiftlint\nelse\n  echo \"warning: SwiftLint not installed, download from https://github.com/realm/SwiftLint\"\nfi\n";
		};
/* End PBXShellScriptBuildPhase section */

/* Begin PBXSourcesBuildPhase section */
		CA944D0A2A0E91220095AEEB /* Sources */ = {
			isa = PBXSourcesBuildPhase;
			buildActionMask = 2147483647;
			files = (
				CA944D162A0E91220095AEEB /* ViewController.swift in Sources */,
				CA944D122A0E91220095AEEB /* AppDelegate.swift in Sources */,
				EBA313272A0F9E8000A80328 /* DefaultFileName.swift in Sources */,
				EBA313252A0F9E4000A80328 /* Coordinator.swift in Sources */,
				CA944D142A0E91220095AEEB /* SceneDelegate.swift in Sources */,
				B26CDDA62A0F899600F4177D /* MockAPIClient.swift in Sources */,
				B26CDDA22A0F88AD00F4177D /* APIRequest.swift in Sources */,
				B26CDD972A0F6E9800F4177D /* Constants.swift in Sources */,
				CA8464172A0F98B800103835 /* SearchAnivationView.swift in Sources */,
				B26CDDA42A0F898700F4177D /* APIClient.swift in Sources */,
			);
			runOnlyForDeploymentPostprocessing = 0;
		};
/* End PBXSourcesBuildPhase section */

/* Begin PBXVariantGroup section */
		CA944D172A0E91220095AEEB /* Main.storyboard */ = {
			isa = PBXVariantGroup;
			children = (
				CA944D182A0E91220095AEEB /* Base */,
			);
			name = Main.storyboard;
			sourceTree = "<group>";
		};
		CA944D1C2A0E91240095AEEB /* LaunchScreen.storyboard */ = {
			isa = PBXVariantGroup;
			children = (
				CA944D1D2A0E91240095AEEB /* Base */,
			);
			name = LaunchScreen.storyboard;
			sourceTree = "<group>";
		};
/* End PBXVariantGroup section */

/* Begin XCBuildConfiguration section */
		CA944D202A0E91240095AEEB /* Debug */ = {
			isa = XCBuildConfiguration;
			buildSettings = {
				ALWAYS_SEARCH_USER_PATHS = NO;
				CLANG_ANALYZER_NONNULL = YES;
				CLANG_ANALYZER_NUMBER_OBJECT_CONVERSION = YES_AGGRESSIVE;
				CLANG_CXX_LANGUAGE_STANDARD = "gnu++20";
				CLANG_ENABLE_MODULES = YES;
				CLANG_ENABLE_OBJC_ARC = YES;
				CLANG_ENABLE_OBJC_WEAK = YES;
				CLANG_WARN_BLOCK_CAPTURE_AUTORELEASING = YES;
				CLANG_WARN_BOOL_CONVERSION = YES;
				CLANG_WARN_COMMA = YES;
				CLANG_WARN_CONSTANT_CONVERSION = YES;
				CLANG_WARN_DEPRECATED_OBJC_IMPLEMENTATIONS = YES;
				CLANG_WARN_DIRECT_OBJC_ISA_USAGE = YES_ERROR;
				CLANG_WARN_DOCUMENTATION_COMMENTS = YES;
				CLANG_WARN_EMPTY_BODY = YES;
				CLANG_WARN_ENUM_CONVERSION = YES;
				CLANG_WARN_INFINITE_RECURSION = YES;
				CLANG_WARN_INT_CONVERSION = YES;
				CLANG_WARN_NON_LITERAL_NULL_CONVERSION = YES;
				CLANG_WARN_OBJC_IMPLICIT_RETAIN_SELF = YES;
				CLANG_WARN_OBJC_LITERAL_CONVERSION = YES;
				CLANG_WARN_OBJC_ROOT_CLASS = YES_ERROR;
				CLANG_WARN_QUOTED_INCLUDE_IN_FRAMEWORK_HEADER = YES;
				CLANG_WARN_RANGE_LOOP_ANALYSIS = YES;
				CLANG_WARN_STRICT_PROTOTYPES = YES;
				CLANG_WARN_SUSPICIOUS_MOVE = YES;
				CLANG_WARN_UNGUARDED_AVAILABILITY = YES_AGGRESSIVE;
				CLANG_WARN_UNREACHABLE_CODE = YES;
				CLANG_WARN__DUPLICATE_METHOD_MATCH = YES;
				COPY_PHASE_STRIP = NO;
				DEBUG_INFORMATION_FORMAT = dwarf;
				ENABLE_STRICT_OBJC_MSGSEND = YES;
				ENABLE_TESTABILITY = YES;
				GCC_C_LANGUAGE_STANDARD = gnu11;
				GCC_DYNAMIC_NO_PIC = NO;
				GCC_NO_COMMON_BLOCKS = YES;
				GCC_OPTIMIZATION_LEVEL = 0;
				GCC_PREPROCESSOR_DEFINITIONS = (
					"DEBUG=1",
					"$(inherited)",
				);
				GCC_WARN_64_TO_32_BIT_CONVERSION = YES;
				GCC_WARN_ABOUT_RETURN_TYPE = YES_ERROR;
				GCC_WARN_UNDECLARED_SELECTOR = YES;
				GCC_WARN_UNINITIALIZED_AUTOS = YES_AGGRESSIVE;
				GCC_WARN_UNUSED_FUNCTION = YES;
				GCC_WARN_UNUSED_VARIABLE = YES;
				IPHONEOS_DEPLOYMENT_TARGET = 16.4;
				MTL_ENABLE_DEBUG_INFO = INCLUDE_SOURCE;
				MTL_FAST_MATH = YES;
				ONLY_ACTIVE_ARCH = YES;
				SDKROOT = iphoneos;
				SWIFT_ACTIVE_COMPILATION_CONDITIONS = DEBUG;
				SWIFT_OPTIMIZATION_LEVEL = "-Onone";
			};
			name = Debug;
		};
		CA944D212A0E91240095AEEB /* Release */ = {
			isa = XCBuildConfiguration;
			buildSettings = {
				ALWAYS_SEARCH_USER_PATHS = NO;
				CLANG_ANALYZER_NONNULL = YES;
				CLANG_ANALYZER_NUMBER_OBJECT_CONVERSION = YES_AGGRESSIVE;
				CLANG_CXX_LANGUAGE_STANDARD = "gnu++20";
				CLANG_ENABLE_MODULES = YES;
				CLANG_ENABLE_OBJC_ARC = YES;
				CLANG_ENABLE_OBJC_WEAK = YES;
				CLANG_WARN_BLOCK_CAPTURE_AUTORELEASING = YES;
				CLANG_WARN_BOOL_CONVERSION = YES;
				CLANG_WARN_COMMA = YES;
				CLANG_WARN_CONSTANT_CONVERSION = YES;
				CLANG_WARN_DEPRECATED_OBJC_IMPLEMENTATIONS = YES;
				CLANG_WARN_DIRECT_OBJC_ISA_USAGE = YES_ERROR;
				CLANG_WARN_DOCUMENTATION_COMMENTS = YES;
				CLANG_WARN_EMPTY_BODY = YES;
				CLANG_WARN_ENUM_CONVERSION = YES;
				CLANG_WARN_INFINITE_RECURSION = YES;
				CLANG_WARN_INT_CONVERSION = YES;
				CLANG_WARN_NON_LITERAL_NULL_CONVERSION = YES;
				CLANG_WARN_OBJC_IMPLICIT_RETAIN_SELF = YES;
				CLANG_WARN_OBJC_LITERAL_CONVERSION = YES;
				CLANG_WARN_OBJC_ROOT_CLASS = YES_ERROR;
				CLANG_WARN_QUOTED_INCLUDE_IN_FRAMEWORK_HEADER = YES;
				CLANG_WARN_RANGE_LOOP_ANALYSIS = YES;
				CLANG_WARN_STRICT_PROTOTYPES = YES;
				CLANG_WARN_SUSPICIOUS_MOVE = YES;
				CLANG_WARN_UNGUARDED_AVAILABILITY = YES_AGGRESSIVE;
				CLANG_WARN_UNREACHABLE_CODE = YES;
				CLANG_WARN__DUPLICATE_METHOD_MATCH = YES;
				COPY_PHASE_STRIP = NO;
				DEBUG_INFORMATION_FORMAT = "dwarf-with-dsym";
				ENABLE_NS_ASSERTIONS = NO;
				ENABLE_STRICT_OBJC_MSGSEND = YES;
				GCC_C_LANGUAGE_STANDARD = gnu11;
				GCC_NO_COMMON_BLOCKS = YES;
				GCC_WARN_64_TO_32_BIT_CONVERSION = YES;
				GCC_WARN_ABOUT_RETURN_TYPE = YES_ERROR;
				GCC_WARN_UNDECLARED_SELECTOR = YES;
				GCC_WARN_UNINITIALIZED_AUTOS = YES_AGGRESSIVE;
				GCC_WARN_UNUSED_FUNCTION = YES;
				GCC_WARN_UNUSED_VARIABLE = YES;
				IPHONEOS_DEPLOYMENT_TARGET = 16.4;
				MTL_ENABLE_DEBUG_INFO = NO;
				MTL_FAST_MATH = YES;
				SDKROOT = iphoneos;
				SWIFT_COMPILATION_MODE = wholemodule;
				SWIFT_OPTIMIZATION_LEVEL = "-O";
				VALIDATE_PRODUCT = YES;
			};
			name = Release;
		};
		CA944D232A0E91240095AEEB /* Debug */ = {
			isa = XCBuildConfiguration;
			baseConfigurationReference = 256E3DE89362462280584870 /* Pods-Hackaton2023IOS.debug.xcconfig */;
			buildSettings = {
				ASSETCATALOG_COMPILER_APPICON_NAME = AppIcon;
				ASSETCATALOG_COMPILER_GLOBAL_ACCENT_COLOR_NAME = AccentColor;
				CODE_SIGN_STYLE = Automatic;
				CURRENT_PROJECT_VERSION = 1;
				DEVELOPMENT_TEAM = 3NKC4R595S;
				GENERATE_INFOPLIST_FILE = YES;
				INFOPLIST_FILE = Hackaton2023IOS/Info.plist;
				INFOPLIST_KEY_UIApplicationSupportsIndirectInputEvents = YES;
				INFOPLIST_KEY_UILaunchStoryboardName = LaunchScreen;
				INFOPLIST_KEY_UIMainStoryboardFile = Main;
				INFOPLIST_KEY_UISupportedInterfaceOrientations_iPad = "UIInterfaceOrientationPortrait UIInterfaceOrientationPortraitUpsideDown UIInterfaceOrientationLandscapeLeft UIInterfaceOrientationLandscapeRight";
				INFOPLIST_KEY_UISupportedInterfaceOrientations_iPhone = "UIInterfaceOrientationPortrait UIInterfaceOrientationLandscapeLeft UIInterfaceOrientationLandscapeRight";
				IPHONEOS_DEPLOYMENT_TARGET = 16.0;
				LD_RUNPATH_SEARCH_PATHS = (
					"$(inherited)",
					"@executable_path/Frameworks",
				);
				MARKETING_VERSION = 1.0;
				PRODUCT_BUNDLE_IDENTIFIER = com.epam.Hackaton2023IOS;
				PRODUCT_NAME = "$(TARGET_NAME)";
				SWIFT_EMIT_LOC_STRINGS = YES;
				SWIFT_VERSION = 5.0;
				TARGETED_DEVICE_FAMILY = "1,2";
			};
			name = Debug;
		};
		CA944D242A0E91240095AEEB /* Release */ = {
			isa = XCBuildConfiguration;
			baseConfigurationReference = 76C2417D9F49961590E550BD /* Pods-Hackaton2023IOS.release.xcconfig */;
			buildSettings = {
				ASSETCATALOG_COMPILER_APPICON_NAME = AppIcon;
				ASSETCATALOG_COMPILER_GLOBAL_ACCENT_COLOR_NAME = AccentColor;
				CODE_SIGN_STYLE = Automatic;
				CURRENT_PROJECT_VERSION = 1;
				DEVELOPMENT_TEAM = 3NKC4R595S;
				GENERATE_INFOPLIST_FILE = YES;
				INFOPLIST_FILE = Hackaton2023IOS/Info.plist;
				INFOPLIST_KEY_UIApplicationSupportsIndirectInputEvents = YES;
				INFOPLIST_KEY_UILaunchStoryboardName = LaunchScreen;
				INFOPLIST_KEY_UIMainStoryboardFile = Main;
				INFOPLIST_KEY_UISupportedInterfaceOrientations_iPad = "UIInterfaceOrientationPortrait UIInterfaceOrientationPortraitUpsideDown UIInterfaceOrientationLandscapeLeft UIInterfaceOrientationLandscapeRight";
				INFOPLIST_KEY_UISupportedInterfaceOrientations_iPhone = "UIInterfaceOrientationPortrait UIInterfaceOrientationLandscapeLeft UIInterfaceOrientationLandscapeRight";
				IPHONEOS_DEPLOYMENT_TARGET = 16.0;
				LD_RUNPATH_SEARCH_PATHS = (
					"$(inherited)",
					"@executable_path/Frameworks",
				);
				MARKETING_VERSION = 1.0;
				PRODUCT_BUNDLE_IDENTIFIER = com.epam.Hackaton2023IOS;
				PRODUCT_NAME = "$(TARGET_NAME)";
				SWIFT_EMIT_LOC_STRINGS = YES;
				SWIFT_VERSION = 5.0;
				TARGETED_DEVICE_FAMILY = "1,2";
			};
			name = Release;
		};
/* End XCBuildConfiguration section */

/* Begin XCConfigurationList section */
		CA944D092A0E91220095AEEB /* Build configuration list for PBXProject "Hackaton2023IOS" */ = {
			isa = XCConfigurationList;
			buildConfigurations = (
				CA944D202A0E91240095AEEB /* Debug */,
				CA944D212A0E91240095AEEB /* Release */,
			);
			defaultConfigurationIsVisible = 0;
			defaultConfigurationName = Release;
		};
		CA944D222A0E91240095AEEB /* Build configuration list for PBXNativeTarget "Hackaton2023IOS" */ = {
			isa = XCConfigurationList;
			buildConfigurations = (
				CA944D232A0E91240095AEEB /* Debug */,
				CA944D242A0E91240095AEEB /* Release */,
			);
			defaultConfigurationIsVisible = 0;
			defaultConfigurationName = Release;
		};
/* End XCConfigurationList section */
	};
	rootObject = CA944D062A0E91220095AEEB /* Project object */;
}
